
Microsoft Visual Studio Solution File, Format Version 12.00
# Visual Studio Version 16
VisualStudioVersion = 16.0.31321.278
MinimumVisualStudioVersion = 10.0.40219.1
Project("{FAE04EC0-301F-11D3-BF4B-00C04F79EFBC}") = "SingletonDemo", "SingletonDemo\SingletonDemo.csproj", "{C9567C1B-177D-4CA0-AA57-3B274C4BAFAA}"
EndProject
Global
	GlobalSection(SolutionConfigurationPlatforms) = preSolution
		Debug|Any CPU = Debug|Any CPU
		Release|Any CPU = Release|Any CPU
	EndGlobalSection
	GlobalSection(ProjectConfigurationPlatforms) = postSolution
		{C9567C1B-177D-4CA0-AA57-3B274C4BAFAA}.Debug|Any CPU.ActiveCfg = Debug|Any CPU
		{C9567C1B-177D-4CA0-AA57-3B274C4BAFAA}.Debug|Any CPU.Build.0 = Debug|Any CPU
		{C9567C1B-177D-4CA0-AA57-3B274C4BAFAA}.Release|Any CPU.ActiveCfg = Release|Any CPU
		{C9567C1B-177D-4CA0-AA57-3B274C4BAFAA}.Release|Any CPU.Build.0 = Release|Any CPU
	EndGlobalSection
	GlobalSection(SolutionProperties) = preSolution
		HideSolutionNode = FALSE
	EndGlobalSection
	GlobalSection(ExtensibilityGlobals) = postSolution
		SolutionGuid = {1615BFE7-EAF7-4504-84FB-53E71D2029C3}
	EndGlobalSection
EndGlobal
